
Microsoft Visual Studio Solution File, Format Version 12.00
# Visual Studio Version 17
VisualStudioVersion = 17.7.34024.191
MinimumVisualStudioVersion = 10.0.40219.1
Project("{2150E333-8FDC-42A3-9474-1A3956D46DE8}") = "Utility", "Utility", "{19D81DB4-ECE9-4B2F-B902-1015018004C7}"
EndProject
Project("{2150E333-8FDC-42A3-9474-1A3956D46DE8}") = "Application", "Application", "{1602A457-515B-40F0-A025-D42CC80A0D79}"
EndProject
Project("{2150E333-8FDC-42A3-9474-1A3956D46DE8}") = "Infrastructure", "Infrastructure", "{E80B8468-BCFB-4E5F-8550-224B8FF6BC0B}"
EndProject
Project("{9A19103F-16F7-4668-BE54-9A1E7A4F7556}") = "Utility", "Utility\Utility.csproj", "{B3679BA2-FD50-461D-8C1A-D2D0E3E50378}"
EndProject
Project("{9A19103F-16F7-4668-BE54-9A1E7A4F7556}") = "BLL", "Application\BLL\BLL.csproj", "{A5BA3066-EE42-4EB5-ADCC-0787DD7F020C}"
EndProject
Project("{9A19103F-16F7-4668-BE54-9A1E7A4F7556}") = "DAL", "Infrastructure\DAL\DAL.csproj", "{ECFCEA16-45E0-44A0-B084-280174D0FEFC}"
EndProject
Project("{9A19103F-16F7-4668-BE54-9A1E7A4F7556}") = "Endpoint", "Application\Endpoint\Endpoint.csproj", "{882ED915-8EA3-4FB7-9431-A8BDCE091F9D}"
EndProject
Project("{2150E333-8FDC-42A3-9474-1A3956D46DE8}") = "Presentation", "Presentation", "{18B7F9F3-002F-43AB-8BC2-B1F09666E2D4}"
EndProject
Project("{9A19103F-16F7-4668-BE54-9A1E7A4F7556}") = "PSO.Core.Api", "Presentation\PSO.Core.Api\PSO.Core.Api.csproj", "{57CFD392-9926-452D-AEFE-3ED7F50D83D5}"
EndProject
Project("{9A19103F-16F7-4668-BE54-9A1E7A4F7556}") = "PSO.Checkout.Web", "Presentation\PSO.Checkout.Web\PSO.Checkout.Web.csproj", "{E2C3EBB1-1EA9-46EA-80CC-89480580B2F1}"
EndProject
Project("{9A19103F-16F7-4668-BE54-9A1E7A4F7556}") = "PSO.CheckoutDemo.Web", "PSO.CheckoutDemo.Web\PSO.CheckoutDemo.Web.csproj", "{A1278AA2-2A40-442E-9B06-3A26C0C88EB6}"
EndProject
Project("{9A19103F-16F7-4668-BE54-9A1E7A4F7556}") = "PSO.Checkout.Spa", "PSO.Checkout.Spa\PSO.Checkout.Spa.csproj", "{A8234B84-7AD6-485A-83EE-A060DCA8AB9B}"
EndProject
Project("{9A19103F-16F7-4668-BE54-9A1E7A4F7556}") = "PSO.Merchant.Spa", "PSO.Merchant.Spa\PSO.Merchant.Spa.csproj", "{6A4EDC93-B1A9-47ED-BACE-B0406ECA8738}"
EndProject
Project("{9A19103F-16F7-4668-BE54-9A1E7A4F7556}") = "PSO.Merchant.Api", "PSO.Merchant.Api\PSO.Merchant.Api.csproj", "{A8AF132D-DEEA-4F16-B659-6DF288896AF9}"
EndProject
Project("{FAE04EC0-301F-11D3-BF4B-00C04F79EFBC}") = "PSO.Core.Api.Gateway", "PSO.Core.Api.Gateway\PSO.Core.Api.Gateway.csproj", "{53C9EEC6-9D4C-4B9E-B788-FCBB90223C19}"
EndProject
Global
	GlobalSection(SolutionConfigurationPlatforms) = preSolution
		Debug|Any CPU = Debug|Any CPU
		Release|Any CPU = Release|Any CPU
	EndGlobalSection
	GlobalSection(ProjectConfigurationPlatforms) = postSolution
		{B3679BA2-FD50-461D-8C1A-D2D0E3E50378}.Debug|Any CPU.ActiveCfg = Debug|Any CPU
		{B3679BA2-FD50-461D-8C1A-D2D0E3E50378}.Debug|Any CPU.Build.0 = Debug|Any CPU
		{B3679BA2-FD50-461D-8C1A-D2D0E3E50378}.Release|Any CPU.ActiveCfg = Release|Any CPU
		{B3679BA2-FD50-461D-8C1A-D2D0E3E50378}.Release|Any CPU.Build.0 = Release|Any CPU
		{A5BA3066-EE42-4EB5-ADCC-0787DD7F020C}.Debug|Any CPU.ActiveCfg = Debug|Any CPU
		{A5BA3066-EE42-4EB5-ADCC-0787DD7F020C}.Debug|Any CPU.Build.0 = Debug|Any CPU
		{A5BA3066-EE42-4EB5-ADCC-0787DD7F020C}.Release|Any CPU.ActiveCfg = Release|Any CPU
		{A5BA3066-EE42-4EB5-ADCC-0787DD7F020C}.Release|Any CPU.Build.0 = Release|Any CPU
		{ECFCEA16-45E0-44A0-B084-280174D0FEFC}.Debug|Any CPU.ActiveCfg = Debug|Any CPU
		{ECFCEA16-45E0-44A0-B084-280174D0FEFC}.Debug|Any CPU.Build.0 = Debug|Any CPU
		{ECFCEA16-45E0-44A0-B084-280174D0FEFC}.Release|Any CPU.ActiveCfg = Release|Any CPU
		{ECFCEA16-45E0-44A0-B084-280174D0FEFC}.Release|Any CPU.Build.0 = Release|Any CPU
		{882ED915-8EA3-4FB7-9431-A8BDCE091F9D}.Debug|Any CPU.ActiveCfg = Debug|Any CPU
		{882ED915-8EA3-4FB7-9431-A8BDCE091F9D}.Debug|Any CPU.Build.0 = Debug|Any CPU
		{882ED915-8EA3-4FB7-9431-A8BDCE091F9D}.Release|Any CPU.ActiveCfg = Release|Any CPU
		{882ED915-8EA3-4FB7-9431-A8BDCE091F9D}.Release|Any CPU.Build.0 = Release|Any CPU
		{57CFD392-9926-452D-AEFE-3ED7F50D83D5}.Debug|Any CPU.ActiveCfg = Debug|Any CPU
		{57CFD392-9926-452D-AEFE-3ED7F50D83D5}.Debug|Any CPU.Build.0 = Debug|Any CPU
		{57CFD392-9926-452D-AEFE-3ED7F50D83D5}.Release|Any CPU.ActiveCfg = Release|Any CPU
		{57CFD392-9926-452D-AEFE-3ED7F50D83D5}.Release|Any CPU.Build.0 = Release|Any CPU
		{E2C3EBB1-1EA9-46EA-80CC-89480580B2F1}.Debug|Any CPU.ActiveCfg = Debug|Any CPU
		{E2C3EBB1-1EA9-46EA-80CC-89480580B2F1}.Debug|Any CPU.Build.0 = Debug|Any CPU
		{E2C3EBB1-1EA9-46EA-80CC-89480580B2F1}.Release|Any CPU.ActiveCfg = Release|Any CPU
		{E2C3EBB1-1EA9-46EA-80CC-89480580B2F1}.Release|Any CPU.Build.0 = Release|Any CPU
		{A1278AA2-2A40-442E-9B06-3A26C0C88EB6}.Debug|Any CPU.ActiveCfg = Debug|Any CPU
		{A1278AA2-2A40-442E-9B06-3A26C0C88EB6}.Debug|Any CPU.Build.0 = Debug|Any CPU
		{A1278AA2-2A40-442E-9B06-3A26C0C88EB6}.Release|Any CPU.ActiveCfg = Release|Any CPU
		{A1278AA2-2A40-442E-9B06-3A26C0C88EB6}.Release|Any CPU.Build.0 = Release|Any CPU
		{A8234B84-7AD6-485A-83EE-A060DCA8AB9B}.Debug|Any CPU.ActiveCfg = Debug|Any CPU
		{A8234B84-7AD6-485A-83EE-A060DCA8AB9B}.Debug|Any CPU.Build.0 = Debug|Any CPU
		{A8234B84-7AD6-485A-83EE-A060DCA8AB9B}.Release|Any CPU.ActiveCfg = Release|Any CPU
		{A8234B84-7AD6-485A-83EE-A060DCA8AB9B}.Release|Any CPU.Build.0 = Release|Any CPU
		{6A4EDC93-B1A9-47ED-BACE-B0406ECA8738}.Debug|Any CPU.ActiveCfg = Debug|Any CPU
		{6A4EDC93-B1A9-47ED-BACE-B0406ECA8738}.Debug|Any CPU.Build.0 = Debug|Any CPU
		{6A4EDC93-B1A9-47ED-BACE-B0406ECA8738}.Release|Any CPU.ActiveCfg = Release|Any CPU
		{6A4EDC93-B1A9-47ED-BACE-B0406ECA8738}.Release|Any CPU.Build.0 = Release|Any CPU
		{A8AF132D-DEEA-4F16-B659-6DF288896AF9}.Debug|Any CPU.ActiveCfg = Debug|Any CPU
		{A8AF132D-DEEA-4F16-B659-6DF288896AF9}.Debug|Any CPU.Build.0 = Debug|Any CPU
		{A8AF132D-DEEA-4F16-B659-6DF288896AF9}.Release|Any CPU.ActiveCfg = Release|Any CPU
		{A8AF132D-DEEA-4F16-B659-6DF288896AF9}.Release|Any CPU.Build.0 = Release|Any CPU
		{53C9EEC6-9D4C-4B9E-B788-FCBB90223C19}.Debug|Any CPU.ActiveCfg = Debug|Any CPU
		{53C9EEC6-9D4C-4B9E-B788-FCBB90223C19}.Debug|Any CPU.Build.0 = Debug|Any CPU
		{53C9EEC6-9D4C-4B9E-B788-FCBB90223C19}.Release|Any CPU.ActiveCfg = Release|Any CPU
		{53C9EEC6-9D4C-4B9E-B788-FCBB90223C19}.Release|Any CPU.Build.0 = Release|Any CPU
	EndGlobalSection
	GlobalSection(SolutionProperties) = preSolution
		HideSolutionNode = FALSE
	EndGlobalSection
	GlobalSection(NestedProjects) = preSolution
		{B3679BA2-FD50-461D-8C1A-D2D0E3E50378} = {19D81DB4-ECE9-4B2F-B902-1015018004C7}
		{A5BA3066-EE42-4EB5-ADCC-0787DD7F020C} = {1602A457-515B-40F0-A025-D42CC80A0D79}
		{ECFCEA16-45E0-44A0-B084-280174D0FEFC} = {E80B8468-BCFB-4E5F-8550-224B8FF6BC0B}
		{882ED915-8EA3-4FB7-9431-A8BDCE091F9D} = {1602A457-515B-40F0-A025-D42CC80A0D79}
		{57CFD392-9926-452D-AEFE-3ED7F50D83D5} = {18B7F9F3-002F-43AB-8BC2-B1F09666E2D4}
		{E2C3EBB1-1EA9-46EA-80CC-89480580B2F1} = {18B7F9F3-002F-43AB-8BC2-B1F09666E2D4}
		{A1278AA2-2A40-442E-9B06-3A26C0C88EB6} = {18B7F9F3-002F-43AB-8BC2-B1F09666E2D4}
		{A8234B84-7AD6-485A-83EE-A060DCA8AB9B} = {18B7F9F3-002F-43AB-8BC2-B1F09666E2D4}
		{6A4EDC93-B1A9-47ED-BACE-B0406ECA8738} = {18B7F9F3-002F-43AB-8BC2-B1F09666E2D4}
		{A8AF132D-DEEA-4F16-B659-6DF288896AF9} = {18B7F9F3-002F-43AB-8BC2-B1F09666E2D4}
		{53C9EEC6-9D4C-4B9E-B788-FCBB90223C19} = {18B7F9F3-002F-43AB-8BC2-B1F09666E2D4}
	EndGlobalSection
	GlobalSection(ExtensibilityGlobals) = postSolution
		SolutionGuid = {1D3C9BB3-02E9-411D-8D38-04E6882ABFCF}
	EndGlobalSection
EndGlobal
